
Microsoft Visual Studio Solution File, Format Version 12.00
# Visual Studio Version 16
VisualStudioVersion = 16.0.31911.196
MinimumVisualStudioVersion = 10.0.40219.1
Project("{FAE04EC0-301F-11D3-BF4B-00C04F79EFBC}") = "Negocios", "Negocios\Negocios.csproj", "{C3DD8370-C493-4D00-8CED-35D9ED8784FD}"
EndProject
Project("{FAE04EC0-301F-11D3-BF4B-00C04F79EFBC}") = "PendientesForms", "PendientesForms\PendientesForms.csproj", "{C143E1BB-4987-4480-A21D-F0407A8DC056}"
EndProject
Global
	GlobalSection(SolutionConfigurationPlatforms) = preSolution
		Debug|Any CPU = Debug|Any CPU
		Release|Any CPU = Release|Any CPU
	EndGlobalSection
	GlobalSection(ProjectConfigurationPlatforms) = postSolution
		{C3DD8370-C493-4D00-8CED-35D9ED8784FD}.Debug|Any CPU.ActiveCfg = Debug|Any CPU
		{C3DD8370-C493-4D00-8CED-35D9ED8784FD}.Debug|Any CPU.Build.0 = Debug|Any CPU
		{C3DD8370-C493-4D00-8CED-35D9ED8784FD}.Release|Any CPU.ActiveCfg = Release|Any CPU
		{C3DD8370-C493-4D00-8CED-35D9ED8784FD}.Release|Any CPU.Build.0 = Release|Any CPU
		{C143E1BB-4987-4480-A21D-F0407A8DC056}.Debug|Any CPU.ActiveCfg = Debug|Any CPU
		{C143E1BB-4987-4480-A21D-F0407A8DC056}.Debug|Any CPU.Build.0 = Debug|Any CPU
		{C143E1BB-4987-4480-A21D-F0407A8DC056}.Release|Any CPU.ActiveCfg = Release|Any CPU
		{C143E1BB-4987-4480-A21D-F0407A8DC056}.Release|Any CPU.Build.0 = Release|Any CPU
	EndGlobalSection
	GlobalSection(SolutionProperties) = preSolution
		HideSolutionNode = FALSE
	EndGlobalSection
	GlobalSection(ExtensibilityGlobals) = postSolution
		SolutionGuid = {1B2BA1C2-5234-49F2-9750-E5170E429112}
	EndGlobalSection
EndGlobal
